// !$*UTF8*$!
{
	archiveVersion = 1;
	classes = {
	};
	objectVersion = 46;
	objects = {

/* Begin PBXBuildFile section */
		294AC6DF197B0799005853C2 /* SignupViewController.m in Sources */ = {isa = PBXBuildFile; fileRef = 294AC6DE197B0799005853C2 /* SignupViewController.m */; };
		294AC6E2197B07B5005853C2 /* FTGSignupViewController.m in Sources */ = {isa = PBXBuildFile; fileRef = 294AC6E1197B07B5005853C2 /* FTGSignupViewController.m */; };
		294AC6E5197B07C2005853C2 /* BillingViewController.m in Sources */ = {isa = PBXBuildFile; fileRef = 294AC6E4197B07C2005853C2 /* BillingViewController.m */; };
		294AC6E8197B07D3005853C2 /* ProfileViewController.m in Sources */ = {isa = PBXBuildFile; fileRef = 294AC6E7197B07D3005853C2 /* ProfileViewController.m */; };
		29E960EF197ADEED00A756B2 /* Foundation.framework in Frameworks */ = {isa = PBXBuildFile; fileRef = 29E960EE197ADEED00A756B2 /* Foundation.framework */; };
		29E960F1197ADEED00A756B2 /* CoreGraphics.framework in Frameworks */ = {isa = PBXBuildFile; fileRef = 29E960F0197ADEED00A756B2 /* CoreGraphics.framework */; };
		29E960F3197ADEED00A756B2 /* UIKit.framework in Frameworks */ = {isa = PBXBuildFile; fileRef = 29E960F2197ADEED00A756B2 /* UIKit.framework */; };
		29E960F9197ADEED00A756B2 /* InfoPlist.strings in Resources */ = {isa = PBXBuildFile; fileRef = 29E960F7197ADEED00A756B2 /* InfoPlist.strings */; };
		29E960FB197ADEED00A756B2 /* main.m in Sources */ = {isa = PBXBuildFile; fileRef = 29E960FA197ADEED00A756B2 /* main.m */; };
		29E960FF197ADEED00A756B2 /* AppDelegate.m in Sources */ = {isa = PBXBuildFile; fileRef = 29E960FE197ADEED00A756B2 /* AppDelegate.m */; };
		29E96102197ADEED00A756B2 /* Main.storyboard in Resources */ = {isa = PBXBuildFile; fileRef = 29E96100197ADEED00A756B2 /* Main.storyboard */; };
		29E96105197ADEED00A756B2 /* ViewController.m in Sources */ = {isa = PBXBuildFile; fileRef = 29E96104197ADEED00A756B2 /* ViewController.m */; };
		29E96107197ADEED00A756B2 /* Images.xcassets in Resources */ = {isa = PBXBuildFile; fileRef = 29E96106197ADEED00A756B2 /* Images.xcassets */; };
		29E9610E197ADEED00A756B2 /* XCTest.framework in Frameworks */ = {isa = PBXBuildFile; fileRef = 29E9610D197ADEED00A756B2 /* XCTest.framework */; };
		29E9610F197ADEED00A756B2 /* Foundation.framework in Frameworks */ = {isa = PBXBuildFile; fileRef = 29E960EE197ADEED00A756B2 /* Foundation.framework */; };
		29E96110197ADEED00A756B2 /* UIKit.framework in Frameworks */ = {isa = PBXBuildFile; fileRef = 29E960F2197ADEED00A756B2 /* UIKit.framework */; };
		29E96118197ADEED00A756B2 /* InfoPlist.strings in Resources */ = {isa = PBXBuildFile; fileRef = 29E96116197ADEED00A756B2 /* InfoPlist.strings */; };
		29E9611A197ADEED00A756B2 /* Split_PayTests.m in Sources */ = {isa = PBXBuildFile; fileRef = 29E96119197ADEED00A756B2 /* Split_PayTests.m */; };
/* End PBXBuildFile section */

/* Begin PBXContainerItemProxy section */
		29E96111197ADEED00A756B2 /* PBXContainerItemProxy */ = {
			isa = PBXContainerItemProxy;
			containerPortal = 29E960E3197ADEED00A756B2 /* Project object */;
			proxyType = 1;
			remoteGlobalIDString = 29E960EA197ADEED00A756B2;
			remoteInfo = "Split Pay";
		};
/* End PBXContainerItemProxy section */

/* Begin PBXFileReference section */
		294AC6DD197B0799005853C2 /* SignupViewController.h */ = {isa = PBXFileReference; fileEncoding = 4; lastKnownFileType = sourcecode.c.h; name = SignupViewController.h; path = ../SignupViewController.h; sourceTree = "<group>"; };
		294AC6DE197B0799005853C2 /* SignupViewController.m */ = {isa = PBXFileReference; fileEncoding = 4; lastKnownFileType = sourcecode.c.objc; name = SignupViewController.m; path = ../SignupViewController.m; sourceTree = "<group>"; };
		294AC6E0197B07B5005853C2 /* FTGSignupViewController.h */ = {isa = PBXFileReference; fileEncoding = 4; lastKnownFileType = sourcecode.c.h; path = FTGSignupViewController.h; sourceTree = "<group>"; };
		294AC6E1197B07B5005853C2 /* FTGSignupViewController.m */ = {isa = PBXFileReference; fileEncoding = 4; lastKnownFileType = sourcecode.c.objc; path = FTGSignupViewController.m; sourceTree = "<group>"; };
		294AC6E3197B07C2005853C2 /* BillingViewController.h */ = {isa = PBXFileReference; fileEncoding = 4; lastKnownFileType = sourcecode.c.h; path = BillingViewController.h; sourceTree = "<group>"; };
		294AC6E4197B07C2005853C2 /* BillingViewController.m */ = {isa = PBXFileReference; fileEncoding = 4; lastKnownFileType = sourcecode.c.objc; path = BillingViewController.m; sourceTree = "<group>"; };
		294AC6E6197B07D3005853C2 /* ProfileViewController.h */ = {isa = PBXFileReference; fileEncoding = 4; lastKnownFileType = sourcecode.c.h; path = ProfileViewController.h; sourceTree = "<group>"; };
		294AC6E7197B07D3005853C2 /* ProfileViewController.m */ = {isa = PBXFileReference; fileEncoding = 4; lastKnownFileType = sourcecode.c.objc; path = ProfileViewController.m; sourceTree = "<group>"; };
		29E960EB197ADEED00A756B2 /* Split Pay.app */ = {isa = PBXFileReference; explicitFileType = wrapper.application; includeInIndex = 0; path = "Split Pay.app"; sourceTree = BUILT_PRODUCTS_DIR; };
		29E960EE197ADEED00A756B2 /* Foundation.framework */ = {isa = PBXFileReference; lastKnownFileType = wrapper.framework; name = Foundation.framework; path = System/Library/Frameworks/Foundation.framework; sourceTree = SDKROOT; };
		29E960F0197ADEED00A756B2 /* CoreGraphics.framework */ = {isa = PBXFileReference; lastKnownFileType = wrapper.framework; name = CoreGraphics.framework; path = System/Library/Frameworks/CoreGraphics.framework; sourceTree = SDKROOT; };
		29E960F2197ADEED00A756B2 /* UIKit.framework */ = {isa = PBXFileReference; lastKnownFileType = wrapper.framework; name = UIKit.framework; path = System/Library/Frameworks/UIKit.framework; sourceTree = SDKROOT; };
		29E960F6197ADEED00A756B2 /* Split Pay-Info.plist */ = {isa = PBXFileReference; lastKnownFileType = text.plist.xml; path = "Split Pay-Info.plist"; sourceTree = "<group>"; };
		29E960F8197ADEED00A756B2 /* en */ = {isa = PBXFileReference; lastKnownFileType = text.plist.strings; name = en; path = en.lproj/InfoPlist.strings; sourceTree = "<group>"; };
		29E960FA197ADEED00A756B2 /* main.m */ = {isa = PBXFileReference; lastKnownFileType = sourcecode.c.objc; path = main.m; sourceTree = "<group>"; };
		29E960FC197ADEED00A756B2 /* Split Pay-Prefix.pch */ = {isa = PBXFileReference; lastKnownFileType = sourcecode.c.h; path = "Split Pay-Prefix.pch"; sourceTree = "<group>"; };
		29E960FD197ADEED00A756B2 /* AppDelegate.h */ = {isa = PBXFileReference; lastKnownFileType = sourcecode.c.h; path = AppDelegate.h; sourceTree = "<group>"; };
		29E960FE197ADEED00A756B2 /* AppDelegate.m */ = {isa = PBXFileReference; lastKnownFileType = sourcecode.c.objc; path = AppDelegate.m; sourceTree = "<group>"; };
		29E96101197ADEED00A756B2 /* Base */ = {isa = PBXFileReference; lastKnownFileType = file.storyboard; name = Base; path = Base.lproj/Main.storyboard; sourceTree = "<group>"; };
		29E96103197ADEED00A756B2 /* ViewController.h */ = {isa = PBXFileReference; lastKnownFileType = sourcecode.c.h; path = ViewController.h; sourceTree = "<group>"; };
		29E96104197ADEED00A756B2 /* ViewController.m */ = {isa = PBXFileReference; lastKnownFileType = sourcecode.c.objc; path = ViewController.m; sourceTree = "<group>"; };
		29E96106197ADEED00A756B2 /* Images.xcassets */ = {isa = PBXFileReference; lastKnownFileType = folder.assetcatalog; path = Images.xcassets; sourceTree = "<group>"; };
		29E9610C197ADEED00A756B2 /* Split PayTests.xctest */ = {isa = PBXFileReference; explicitFileType = wrapper.cfbundle; includeInIndex = 0; path = "Split PayTests.xctest"; sourceTree = BUILT_PRODUCTS_DIR; };
		29E9610D197ADEED00A756B2 /* XCTest.framework */ = {isa = PBXFileReference; lastKnownFileType = wrapper.framework; name = XCTest.framework; path = Library/Frameworks/XCTest.framework; sourceTree = DEVELOPER_DIR; };
		29E96115197ADEED00A756B2 /* Split PayTests-Info.plist */ = {isa = PBXFileReference; lastKnownFileType = text.plist.xml; path = "Split PayTests-Info.plist"; sourceTree = "<group>"; };
		29E96117197ADEED00A756B2 /* en */ = {isa = PBXFileReference; lastKnownFileType = text.plist.strings; name = en; path = en.lproj/InfoPlist.strings; sourceTree = "<group>"; };
		29E96119197ADEED00A756B2 /* Split_PayTests.m */ = {isa = PBXFileReference; lastKnownFileType = sourcecode.c.objc; path = Split_PayTests.m; sourceTree = "<group>"; };
/* End PBXFileReference section */

/* Begin PBXFrameworksBuildPhase section */
		29E960E8197ADEED00A756B2 /* Frameworks */ = {
			isa = PBXFrameworksBuildPhase;
			buildActionMask = 2147483647;
			files = (
				29E960F1197ADEED00A756B2 /* CoreGraphics.framework in Frameworks */,
				29E960F3197ADEED00A756B2 /* UIKit.framework in Frameworks */,
				29E960EF197ADEED00A756B2 /* Foundation.framework in Frameworks */,
			);
			runOnlyForDeploymentPostprocessing = 0;
		};
		29E96109197ADEED00A756B2 /* Frameworks */ = {
			isa = PBXFrameworksBuildPhase;
			buildActionMask = 2147483647;
			files = (
				29E9610E197ADEED00A756B2 /* XCTest.framework in Frameworks */,
				29E96110197ADEED00A756B2 /* UIKit.framework in Frameworks */,
				29E9610F197ADEED00A756B2 /* Foundation.framework in Frameworks */,
			);
			runOnlyForDeploymentPostprocessing = 0;
		};
/* End PBXFrameworksBuildPhase section */

/* Begin PBXGroup section */
		29E960E2197ADEED00A756B2 = {
			isa = PBXGroup;
			children = (
				29E960F4197ADEED00A756B2 /* Split Pay */,
				29E96113197ADEED00A756B2 /* Split PayTests */,
				29E960ED197ADEED00A756B2 /* Frameworks */,
				29E960EC197ADEED00A756B2 /* Products */,
			);
			sourceTree = "<group>";
		};
		29E960EC197ADEED00A756B2 /* Products */ = {
			isa = PBXGroup;
			children = (
				29E960EB197ADEED00A756B2 /* Split Pay.app */,
				29E9610C197ADEED00A756B2 /* Split PayTests.xctest */,
			);
			name = Products;
			sourceTree = "<group>";
		};
		29E960ED197ADEED00A756B2 /* Frameworks */ = {
			isa = PBXGroup;
			children = (
				29E960EE197ADEED00A756B2 /* Foundation.framework */,
				29E960F0197ADEED00A756B2 /* CoreGraphics.framework */,
				29E960F2197ADEED00A756B2 /* UIKit.framework */,
				29E9610D197ADEED00A756B2 /* XCTest.framework */,
			);
			name = Frameworks;
			sourceTree = "<group>";
		};
		29E960F4197ADEED00A756B2 /* Split Pay */ = {
			isa = PBXGroup;
			children = (
				29E960FD197ADEED00A756B2 /* AppDelegate.h */,
				29E960FE197ADEED00A756B2 /* AppDelegate.m */,
				29E96100197ADEED00A756B2 /* Main.storyboard */,
				29E96103197ADEED00A756B2 /* ViewController.h */,
				29E96104197ADEED00A756B2 /* ViewController.m */,
				294AC6DD197B0799005853C2 /* SignupViewController.h */,
				294AC6DE197B0799005853C2 /* SignupViewController.m */,
				294AC6E0197B07B5005853C2 /* FTGSignupViewController.h */,
				294AC6E1197B07B5005853C2 /* FTGSignupViewController.m */,
				294AC6E3197B07C2005853C2 /* BillingViewController.h */,
				294AC6E4197B07C2005853C2 /* BillingViewController.m */,
				294AC6E6197B07D3005853C2 /* ProfileViewController.h */,
				294AC6E7197B07D3005853C2 /* ProfileViewController.m */,
				29E96106197ADEED00A756B2 /* Images.xcassets */,
				29E960F5197ADEED00A756B2 /* Supporting Files */,
			);
			path = "Split Pay";
			sourceTree = "<group>";
		};
		29E960F5197ADEED00A756B2 /* Supporting Files */ = {
			isa = PBXGroup;
			children = (
				29E960F6197ADEED00A756B2 /* Split Pay-Info.plist */,
				29E960F7197ADEED00A756B2 /* InfoPlist.strings */,
				29E960FA197ADEED00A756B2 /* main.m */,
				29E960FC197ADEED00A756B2 /* Split Pay-Prefix.pch */,
			);
			name = "Supporting Files";
			sourceTree = "<group>";
		};
		29E96113197ADEED00A756B2 /* Split PayTests */ = {
			isa = PBXGroup;
			children = (
				29E96119197ADEED00A756B2 /* Split_PayTests.m */,
				29E96114197ADEED00A756B2 /* Supporting Files */,
			);
			path = "Split PayTests";
			sourceTree = "<group>";
		};
		29E96114197ADEED00A756B2 /* Supporting Files */ = {
			isa = PBXGroup;
			children = (
				29E96115197ADEED00A756B2 /* Split PayTests-Info.plist */,
				29E96116197ADEED00A756B2 /* InfoPlist.strings */,
			);
			name = "Supporting Files";
			sourceTree = "<group>";
		};
/* End PBXGroup section */

/* Begin PBXNativeTarget section */
		29E960EA197ADEED00A756B2 /* Split Pay */ = {
			isa = PBXNativeTarget;
			buildConfigurationList = 29E9611D197ADEED00A756B2 /* Build configuration list for PBXNativeTarget "Split Pay" */;
			buildPhases = (
				29E960E7197ADEED00A756B2 /* Sources */,
				29E960E8197ADEED00A756B2 /* Frameworks */,
				29E960E9197ADEED00A756B2 /* Resources */,
			);
			buildRules = (
			);
			dependencies = (
			);
			name = "Split Pay";
			productName = "Split Pay";
			productReference = 29E960EB197ADEED00A756B2 /* Split Pay.app */;
			productType = "com.apple.product-type.application";
		};
		29E9610B197ADEED00A756B2 /* Split PayTests */ = {
			isa = PBXNativeTarget;
			buildConfigurationList = 29E96120197ADEED00A756B2 /* Build configuration list for PBXNativeTarget "Split PayTests" */;
			buildPhases = (
				29E96108197ADEED00A756B2 /* Sources */,
				29E96109197ADEED00A756B2 /* Frameworks */,
				29E9610A197ADEED00A756B2 /* Resources */,
			);
			buildRules = (
			);
			dependencies = (
				29E96112197ADEED00A756B2 /* PBXTargetDependency */,
			);
			name = "Split PayTests";
			productName = "Split PayTests";
			productReference = 29E9610C197ADEED00A756B2 /* Split PayTests.xctest */;
			productType = "com.apple.product-type.bundle.unit-test";
		};
/* End PBXNativeTarget section */

/* Begin PBXProject section */
		29E960E3197ADEED00A756B2 /* Project object */ = {
			isa = PBXProject;
			attributes = {
				LastUpgradeCheck = 0510;
				ORGANIZATIONNAME = "Mac Liu";
				TargetAttributes = {
					29E9610B197ADEED00A756B2 = {
						TestTargetID = 29E960EA197ADEED00A756B2;
					};
				};
			};
			buildConfigurationList = 29E960E6197ADEED00A756B2 /* Build configuration list for PBXProject "Split Pay" */;
			compatibilityVersion = "Xcode 3.2";
			developmentRegion = English;
			hasScannedForEncodings = 0;
			knownRegions = (
				en,
				Base,
			);
			mainGroup = 29E960E2197ADEED00A756B2;
			productRefGroup = 29E960EC197ADEED00A756B2 /* Products */;
			projectDirPath = "";
			projectRoot = "";
			targets = (
				29E960EA197ADEED00A756B2 /* Split Pay */,
				29E9610B197ADEED00A756B2 /* Split PayTests */,
			);
		};
/* End PBXProject section */

/* Begin PBXResourcesBuildPhase section */
		29E960E9197ADEED00A756B2 /* Resources */ = {
			isa = PBXResourcesBuildPhase;
			buildActionMask = 2147483647;
			files = (
				29E96107197ADEED00A756B2 /* Images.xcassets in Resources */,
				29E960F9197ADEED00A756B2 /* InfoPlist.strings in Resources */,
				29E96102197ADEED00A756B2 /* Main.storyboard in Resources */,
			);
			runOnlyForDeploymentPostprocessing = 0;
		};
		29E9610A197ADEED00A756B2 /* Resources */ = {
			isa = PBXResourcesBuildPhase;
			buildActionMask = 2147483647;
			files = (
				29E96118197ADEED00A756B2 /* InfoPlist.strings in Resources */,
			);
			runOnlyForDeploymentPostprocessing = 0;
		};
/* End PBXResourcesBuildPhase section */

/* Begin PBXSourcesBuildPhase section */
		29E960E7197ADEED00A756B2 /* Sources */ = {
			isa = PBXSourcesBuildPhase;
			buildActionMask = 2147483647;
			files = (
				29E96105197ADEED00A756B2 /* ViewController.m in Sources */,
				29E960FF197ADEED00A756B2 /* AppDelegate.m in Sources */,
				294AC6E5197B07C2005853C2 /* BillingViewController.m in Sources */,
				294AC6E2197B07B5005853C2 /* FTGSignupViewController.m in Sources */,
				294AC6E8197B07D3005853C2 /* ProfileViewController.m in Sources */,
				294AC6DF197B0799005853C2 /* SignupViewController.m in Sources */,
				29E960FB197ADEED00A756B2 /* main.m in Sources */,
			);
			runOnlyForDeploymentPostprocessing = 0;
		};
		29E96108197ADEED00A756B2 /* Sources */ = {
			isa = PBXSourcesBuildPhase;
			buildActionMask = 2147483647;
			files = (
				29E9611A197ADEED00A756B2 /* Split_PayTests.m in Sources */,
			);
			runOnlyForDeploymentPostprocessing = 0;
		};
/* End PBXSourcesBuildPhase section */

/* Begin PBXTargetDependency section */
		29E96112197ADEED00A756B2 /* PBXTargetDependency */ = {
			isa = PBXTargetDependency;
			target = 29E960EA197ADEED00A756B2 /* Split Pay */;
			targetProxy = 29E96111197ADEED00A756B2 /* PBXContainerItemProxy */;
		};
/* End PBXTargetDependency section */

/* Begin PBXVariantGroup section */
		29E960F7197ADEED00A756B2 /* InfoPlist.strings */ = {
			isa = PBXVariantGroup;
			children = (
				29E960F8197ADEED00A756B2 /* en */,
			);
			name = InfoPlist.strings;
			sourceTree = "<group>";
		};
		29E96100197ADEED00A756B2 /* Main.storyboard */ = {
			isa = PBXVariantGroup;
			children = (
				29E96101197ADEED00A756B2 /* Base */,
			);
			name = Main.storyboard;
			sourceTree = "<group>";
		};
		29E96116197ADEED00A756B2 /* InfoPlist.strings */ = {
			isa = PBXVariantGroup;
			children = (
				29E96117197ADEED00A756B2 /* en */,
			);
			name = InfoPlist.strings;
			sourceTree = "<group>";
		};
/* End PBXVariantGroup section */

/* Begin XCBuildConfiguration section */
		29E9611B197ADEED00A756B2 /* Debug */ = {
			isa = XCBuildConfiguration;
			buildSettings = {
				ALWAYS_SEARCH_USER_PATHS = NO;
				CLANG_CXX_LANGUAGE_STANDARD = "gnu++0x";
				CLANG_CXX_LIBRARY = "libc++";
				CLANG_ENABLE_MODULES = YES;
				CLANG_ENABLE_OBJC_ARC = YES;
				CLANG_WARN_BOOL_CONVERSION = YES;
				CLANG_WARN_CONSTANT_CONVERSION = YES;
				CLANG_WARN_DIRECT_OBJC_ISA_USAGE = YES_ERROR;
				CLANG_WARN_EMPTY_BODY = YES;
				CLANG_WARN_ENUM_CONVERSION = YES;
				CLANG_WARN_INT_CONVERSION = YES;
				CLANG_WARN_OBJC_ROOT_CLASS = YES_ERROR;
				CLANG_WARN__DUPLICATE_METHOD_MATCH = YES;
				"CODE_SIGN_IDENTITY[sdk=iphoneos*]" = "iPhone Developer";
				COPY_PHASE_STRIP = NO;
				GCC_C_LANGUAGE_STANDARD = gnu99;
				GCC_DYNAMIC_NO_PIC = NO;
				GCC_OPTIMIZATION_LEVEL = 0;
				GCC_PREPROCESSOR_DEFINITIONS = (
					"DEBUG=1",
					"$(inherited)",
				);
				GCC_SYMBOLS_PRIVATE_EXTERN = NO;
				GCC_WARN_64_TO_32_BIT_CONVERSION = YES;
				GCC_WARN_ABOUT_RETURN_TYPE = YES_ERROR;
				GCC_WARN_UNDECLARED_SELECTOR = YES;
				GCC_WARN_UNINITIALIZED_AUTOS = YES_AGGRESSIVE;
				GCC_WARN_UNUSED_FUNCTION = YES;
				GCC_WARN_UNUSED_VARIABLE = YES;
				IPHONEOS_DEPLOYMENT_TARGET = 7.1;
				ONLY_ACTIVE_ARCH = YES;
				SDKROOT = iphoneos;
			};
			name = Debug;
		};
		29E9611C197ADEED00A756B2 /* Release */ = {
			isa = XCBuildConfiguration;
			buildSettings = {
				ALWAYS_SEARCH_USER_PATHS = NO;
				CLANG_CXX_LANGUAGE_STANDARD = "gnu++0x";
				CLANG_CXX_LIBRARY = "libc++";
				CLANG_ENABLE_MODULES = YES;
				CLANG_ENABLE_OBJC_ARC = YES;
				CLANG_WARN_BOOL_CONVERSION = YES;
				CLANG_WARN_CONSTANT_CONVERSION = YES;
				CLANG_WARN_DIRECT_OBJC_ISA_USAGE = YES_ERROR;
				CLANG_WARN_EMPTY_BODY = YES;
				CLANG_WARN_ENUM_CONVERSION = YES;
				CLANG_WARN_INT_CONVERSION = YES;
				CLANG_WARN_OBJC_ROOT_CLASS = YES_ERROR;
				CLANG_WARN__DUPLICATE_METHOD_MATCH = YES;
				"CODE_SIGN_IDENTITY[sdk=iphoneos*]" = "iPhone Developer";
				COPY_PHASE_STRIP = YES;
				ENABLE_NS_ASSERTIONS = NO;
				GCC_C_LANGUAGE_STANDARD = gnu99;
				GCC_WARN_64_TO_32_BIT_CONVERSION = YES;
				GCC_WARN_ABOUT_RETURN_TYPE = YES_ERROR;
				GCC_WARN_UNDECLARED_SELECTOR = YES;
				GCC_WARN_UNINITIALIZED_AUTOS = YES_AGGRESSIVE;
				GCC_WARN_UNUSED_FUNCTION = YES;
				GCC_WARN_UNUSED_VARIABLE = YES;
				IPHONEOS_DEPLOYMENT_TARGET = 7.1;
				SDKROOT = iphoneos;
				VALIDATE_PRODUCT = YES;
			};
			name = Release;
		};
		29E9611E197ADEED00A756B2 /* Debug */ = {
			isa = XCBuildConfiguration;
			buildSettings = {
				ASSETCATALOG_COMPILER_APPICON_NAME = AppIcon;
				ASSETCATALOG_COMPILER_LAUNCHIMAGE_NAME = LaunchImage;
				GCC_PRECOMPILE_PREFIX_HEADER = YES;
				GCC_PREFIX_HEADER = "Split Pay/Split Pay-Prefix.pch";
				INFOPLIST_FILE = "Split Pay/Split Pay-Info.plist";
				PRODUCT_NAME = "$(TARGET_NAME)";
				WRAPPER_EXTENSION = app;
			};
			name = Debug;
		};
		29E9611F197ADEED00A756B2 /* Release */ = {
			isa = XCBuildConfiguration;
			buildSettings = {
				ASSETCATALOG_COMPILER_APPICON_NAME = AppIcon;
				ASSETCATALOG_COMPILER_LAUNCHIMAGE_NAME = LaunchImage;
				GCC_PRECOMPILE_PREFIX_HEADER = YES;
				GCC_PREFIX_HEADER = "Split Pay/Split Pay-Prefix.pch";
				INFOPLIST_FILE = "Split Pay/Split Pay-Info.plist";
				PRODUCT_NAME = "$(TARGET_NAME)";
				WRAPPER_EXTENSION = app;
			};
			name = Release;
		};
		29E96121197ADEED00A756B2 /* Debug */ = {
			isa = XCBuildConfiguration;
			buildSettings = {
				BUNDLE_LOADER = "$(BUILT_PRODUCTS_DIR)/Split Pay.app/Split Pay";
				FRAMEWORK_SEARCH_PATHS = (
					"$(SDKROOT)/Developer/Library/Frameworks",
					"$(inherited)",
					"$(DEVELOPER_FRAMEWORKS_DIR)",
				);
				GCC_PRECOMPILE_PREFIX_HEADER = YES;
				GCC_PREFIX_HEADER = "Split Pay/Split Pay-Prefix.pch";
				GCC_PREPROCESSOR_DEFINITIONS = (
					"DEBUG=1",
					"$(inherited)",
				);
				INFOPLIST_FILE = "Split PayTests/Split PayTests-Info.plist";
				PRODUCT_NAME = "$(TARGET_NAME)";
				TEST_HOST = "$(BUNDLE_LOADER)";
				WRAPPER_EXTENSION = xctest;
			};
			name = Debug;
		};
		29E96122197ADEED00A756B2 /* Release */ = {
			isa = XCBuildConfiguration;
			buildSettings = {
				BUNDLE_LOADER = "$(BUILT_PRODUCTS_DIR)/Split Pay.app/Split Pay";
				FRAMEWORK_SEARCH_PATHS = (
					"$(SDKROOT)/Developer/Library/Frameworks",
					"$(inherited)",
					"$(DEVELOPER_FRAMEWORKS_DIR)",
				);
				GCC_PRECOMPILE_PREFIX_HEADER = YES;
				GCC_PREFIX_HEADER = "Split Pay/Split Pay-Prefix.pch";
				INFOPLIST_FILE = "Split PayTests/Split PayTests-Info.plist";
				PRODUCT_NAME = "$(TARGET_NAME)";
				TEST_HOST = "$(BUNDLE_LOADER)";
				WRAPPER_EXTENSION = xctest;
			};
			name = Release;
		};
/* End XCBuildConfiguration section */

/* Begin XCConfigurationList section */
		29E960E6197ADEED00A756B2 /* Build configuration list for PBXProject "Split Pay" */ = {
			isa = XCConfigurationList;
			buildConfigurations = (
				29E9611B197ADEED00A756B2 /* Debug */,
				29E9611C197ADEED00A756B2 /* Release */,
			);
			defaultConfigurationIsVisible = 0;
			defaultConfigurationName = Release;
		};
		29E9611D197ADEED00A756B2 /* Build configuration list for PBXNativeTarget "Split Pay" */ = {
			isa = XCConfigurationList;
			buildConfigurations = (
				29E9611E197ADEED00A756B2 /* Debug */,
				29E9611F197ADEED00A756B2 /* Release */,
			);
			defaultConfigurationIsVisible = 0;
			defaultConfigurationName = Release;
		};
		29E96120197ADEED00A756B2 /* Build configuration list for PBXNativeTarget "Split PayTests" */ = {
			isa = XCConfigurationList;
			buildConfigurations = (
				29E96121197ADEED00A756B2 /* Debug */,
				29E96122197ADEED00A756B2 /* Release */,
			);
			defaultConfigurationIsVisible = 0;
			defaultConfigurationName = Release;
		};
/* End XCConfigurationList section */
	};
	rootObject = 29E960E3197ADEED00A756B2 /* Project object */;
}
